// !$*UTF8*$!
{
	archiveVersion = 1;
	classes = {
	};
	objectVersion = 50;
	objects = {

/* Begin PBXBuildFile section */
		0E1C837C2305503E002706BC /* AppDelegate.swift in Sources */ = {isa = PBXBuildFile; fileRef = 0E1C837B2305503E002706BC /* AppDelegate.swift */; };
		0E1C837E2305503E002706BC /* ViewController.swift in Sources */ = {isa = PBXBuildFile; fileRef = 0E1C837D2305503E002706BC /* ViewController.swift */; };
		0E1C83812305503E002706BC /* Main.storyboard in Resources */ = {isa = PBXBuildFile; fileRef = 0E1C837F2305503E002706BC /* Main.storyboard */; };
		0E1C83832305503F002706BC /* Assets.xcassets in Resources */ = {isa = PBXBuildFile; fileRef = 0E1C83822305503F002706BC /* Assets.xcassets */; };
		0E1C83862305503F002706BC /* LaunchScreen.storyboard in Resources */ = {isa = PBXBuildFile; fileRef = 0E1C83842305503F002706BC /* LaunchScreen.storyboard */; };
		0E1C83912305503F002706BC /* StopTests.swift in Sources */ = {isa = PBXBuildFile; fileRef = 0E1C83902305503F002706BC /* StopTests.swift */; };
		0E1C839C2305503F002706BC /* StopUITests.swift in Sources */ = {isa = PBXBuildFile; fileRef = 0E1C839B2305503F002706BC /* StopUITests.swift */; };
		34D52901A5082FAA61EA6586 /* Pods_Stop.framework in Frameworks */ = {isa = PBXBuildFile; fileRef = 30DCD470872CBF483FC3531F /* Pods_Stop.framework */; };
		476892EA2E2B67EBD9C93501 /* Pods_StopUITests.framework in Frameworks */ = {isa = PBXBuildFile; fileRef = F8889F01B7871C20CEB846DB /* Pods_StopUITests.framework */; };
		A4032DAD25F20279DB653C58 /* Pods_StopTests.framework in Frameworks */ = {isa = PBXBuildFile; fileRef = E9599245300C4C944618E3FA /* Pods_StopTests.framework */; };
/* End PBXBuildFile section */

/* Begin PBXContainerItemProxy section */
		0E1C838D2305503F002706BC /* PBXContainerItemProxy */ = {
			isa = PBXContainerItemProxy;
			containerPortal = 0E1C83702305503E002706BC /* Project object */;
			proxyType = 1;
			remoteGlobalIDString = 0E1C83772305503E002706BC;
			remoteInfo = Stop;
		};
		0E1C83982305503F002706BC /* PBXContainerItemProxy */ = {
			isa = PBXContainerItemProxy;
			containerPortal = 0E1C83702305503E002706BC /* Project object */;
			proxyType = 1;
			remoteGlobalIDString = 0E1C83772305503E002706BC;
			remoteInfo = Stop;
		};
/* End PBXContainerItemProxy section */

/* Begin PBXFileReference section */
		0E1C83782305503E002706BC /* Stop.app */ = {isa = PBXFileReference; explicitFileType = wrapper.application; includeInIndex = 0; path = Stop.app; sourceTree = BUILT_PRODUCTS_DIR; };
		0E1C837B2305503E002706BC /* AppDelegate.swift */ = {isa = PBXFileReference; lastKnownFileType = sourcecode.swift; path = AppDelegate.swift; sourceTree = "<group>"; };
		0E1C837D2305503E002706BC /* ViewController.swift */ = {isa = PBXFileReference; lastKnownFileType = sourcecode.swift; path = ViewController.swift; sourceTree = "<group>"; };
		0E1C83802305503E002706BC /* Base */ = {isa = PBXFileReference; lastKnownFileType = file.storyboard; name = Base; path = Base.lproj/Main.storyboard; sourceTree = "<group>"; };
		0E1C83822305503F002706BC /* Assets.xcassets */ = {isa = PBXFileReference; lastKnownFileType = folder.assetcatalog; path = Assets.xcassets; sourceTree = "<group>"; };
		0E1C83852305503F002706BC /* Base */ = {isa = PBXFileReference; lastKnownFileType = file.storyboard; name = Base; path = Base.lproj/LaunchScreen.storyboard; sourceTree = "<group>"; };
		0E1C83872305503F002706BC /* Info.plist */ = {isa = PBXFileReference; lastKnownFileType = text.plist.xml; path = Info.plist; sourceTree = "<group>"; };
		0E1C838C2305503F002706BC /* StopTests.xctest */ = {isa = PBXFileReference; explicitFileType = wrapper.cfbundle; includeInIndex = 0; path = StopTests.xctest; sourceTree = BUILT_PRODUCTS_DIR; };
		0E1C83902305503F002706BC /* StopTests.swift */ = {isa = PBXFileReference; lastKnownFileType = sourcecode.swift; path = StopTests.swift; sourceTree = "<group>"; };
		0E1C83922305503F002706BC /* Info.plist */ = {isa = PBXFileReference; lastKnownFileType = text.plist.xml; path = Info.plist; sourceTree = "<group>"; };
		0E1C83972305503F002706BC /* StopUITests.xctest */ = {isa = PBXFileReference; explicitFileType = wrapper.cfbundle; includeInIndex = 0; path = StopUITests.xctest; sourceTree = BUILT_PRODUCTS_DIR; };
		0E1C839B2305503F002706BC /* StopUITests.swift */ = {isa = PBXFileReference; lastKnownFileType = sourcecode.swift; path = StopUITests.swift; sourceTree = "<group>"; };
		0E1C839D2305503F002706BC /* Info.plist */ = {isa = PBXFileReference; lastKnownFileType = text.plist.xml; path = Info.plist; sourceTree = "<group>"; };
		30DCD470872CBF483FC3531F /* Pods_Stop.framework */ = {isa = PBXFileReference; explicitFileType = wrapper.framework; includeInIndex = 0; path = Pods_Stop.framework; sourceTree = BUILT_PRODUCTS_DIR; };
		33C34474AF8B363243A3B5D6 /* Pods-Stop.debug.xcconfig */ = {isa = PBXFileReference; includeInIndex = 1; lastKnownFileType = text.xcconfig; name = "Pods-Stop.debug.xcconfig"; path = "Target Support Files/Pods-Stop/Pods-Stop.debug.xcconfig"; sourceTree = "<group>"; };
		73D97E0965F44D4294995E96 /* Pods-StopUITests.debug.xcconfig */ = {isa = PBXFileReference; includeInIndex = 1; lastKnownFileType = text.xcconfig; name = "Pods-StopUITests.debug.xcconfig"; path = "Target Support Files/Pods-StopUITests/Pods-StopUITests.debug.xcconfig"; sourceTree = "<group>"; };
		7A8FA3C1EB5DA09E411AE733 /* Pods-StopTests.release.xcconfig */ = {isa = PBXFileReference; includeInIndex = 1; lastKnownFileType = text.xcconfig; name = "Pods-StopTests.release.xcconfig"; path = "Target Support Files/Pods-StopTests/Pods-StopTests.release.xcconfig"; sourceTree = "<group>"; };
		BE4981E7C07B785A26D30A2F /* Pods-Stop.release.xcconfig */ = {isa = PBXFileReference; includeInIndex = 1; lastKnownFileType = text.xcconfig; name = "Pods-Stop.release.xcconfig"; path = "Target Support Files/Pods-Stop/Pods-Stop.release.xcconfig"; sourceTree = "<group>"; };
		DD9EC26B1A3F1FCAB96D66DB /* Pods-StopUITests.release.xcconfig */ = {isa = PBXFileReference; includeInIndex = 1; lastKnownFileType = text.xcconfig; name = "Pods-StopUITests.release.xcconfig"; path = "Target Support Files/Pods-StopUITests/Pods-StopUITests.release.xcconfig"; sourceTree = "<group>"; };
		E9599245300C4C944618E3FA /* Pods_StopTests.framework */ = {isa = PBXFileReference; explicitFileType = wrapper.framework; includeInIndex = 0; path = Pods_StopTests.framework; sourceTree = BUILT_PRODUCTS_DIR; };
		F81AEB5010293D7B5D659C9A /* Pods-StopTests.debug.xcconfig */ = {isa = PBXFileReference; includeInIndex = 1; lastKnownFileType = text.xcconfig; name = "Pods-StopTests.debug.xcconfig"; path = "Target Support Files/Pods-StopTests/Pods-StopTests.debug.xcconfig"; sourceTree = "<group>"; };
		F8889F01B7871C20CEB846DB /* Pods_StopUITests.framework */ = {isa = PBXFileReference; explicitFileType = wrapper.framework; includeInIndex = 0; path = Pods_StopUITests.framework; sourceTree = BUILT_PRODUCTS_DIR; };
/* End PBXFileReference section */

/* Begin PBXFrameworksBuildPhase section */
		0E1C83752305503E002706BC /* Frameworks */ = {
			isa = PBXFrameworksBuildPhase;
			buildActionMask = 2147483647;
			files = (
				34D52901A5082FAA61EA6586 /* Pods_Stop.framework in Frameworks */,
			);
			runOnlyForDeploymentPostprocessing = 0;
		};
		0E1C83892305503F002706BC /* Frameworks */ = {
			isa = PBXFrameworksBuildPhase;
			buildActionMask = 2147483647;
			files = (
				A4032DAD25F20279DB653C58 /* Pods_StopTests.framework in Frameworks */,
			);
			runOnlyForDeploymentPostprocessing = 0;
		};
		0E1C83942305503F002706BC /* Frameworks */ = {
			isa = PBXFrameworksBuildPhase;
			buildActionMask = 2147483647;
			files = (
				476892EA2E2B67EBD9C93501 /* Pods_StopUITests.framework in Frameworks */,
			);
			runOnlyForDeploymentPostprocessing = 0;
		};
/* End PBXFrameworksBuildPhase section */

/* Begin PBXGroup section */
		0E1C836F2305503E002706BC = {
			isa = PBXGroup;
			children = (
				0E1C837A2305503E002706BC /* Stop */,
				0E1C838F2305503F002706BC /* StopTests */,
				0E1C839A2305503F002706BC /* StopUITests */,
				0E1C83792305503E002706BC /* Products */,
				774A76DB6782A5FF963D83AC /* Pods */,
				7F65D8B96F9CAD08149FF10B /* Frameworks */,
			);
			sourceTree = "<group>";
		};
		0E1C83792305503E002706BC /* Products */ = {
			isa = PBXGroup;
			children = (
				0E1C83782305503E002706BC /* Stop.app */,
				0E1C838C2305503F002706BC /* StopTests.xctest */,
				0E1C83972305503F002706BC /* StopUITests.xctest */,
			);
			name = Products;
			sourceTree = "<group>";
		};
		0E1C837A2305503E002706BC /* Stop */ = {
			isa = PBXGroup;
			children = (
				0E1C837B2305503E002706BC /* AppDelegate.swift */,
				0E1C837D2305503E002706BC /* ViewController.swift */,
				0E1C837F2305503E002706BC /* Main.storyboard */,
				0E1C83822305503F002706BC /* Assets.xcassets */,
				0E1C83842305503F002706BC /* LaunchScreen.storyboard */,
				0E1C83872305503F002706BC /* Info.plist */,
			);
			path = Stop;
			sourceTree = "<group>";
		};
		0E1C838F2305503F002706BC /* StopTests */ = {
			isa = PBXGroup;
			children = (
				0E1C83902305503F002706BC /* StopTests.swift */,
				0E1C83922305503F002706BC /* Info.plist */,
			);
			path = StopTests;
			sourceTree = "<group>";
		};
		0E1C839A2305503F002706BC /* StopUITests */ = {
			isa = PBXGroup;
			children = (
				0E1C839B2305503F002706BC /* StopUITests.swift */,
				0E1C839D2305503F002706BC /* Info.plist */,
			);
			path = StopUITests;
			sourceTree = "<group>";
		};
		774A76DB6782A5FF963D83AC /* Pods */ = {
			isa = PBXGroup;
			children = (
				33C34474AF8B363243A3B5D6 /* Pods-Stop.debug.xcconfig */,
				BE4981E7C07B785A26D30A2F /* Pods-Stop.release.xcconfig */,
				F81AEB5010293D7B5D659C9A /* Pods-StopTests.debug.xcconfig */,
				7A8FA3C1EB5DA09E411AE733 /* Pods-StopTests.release.xcconfig */,
				73D97E0965F44D4294995E96 /* Pods-StopUITests.debug.xcconfig */,
				DD9EC26B1A3F1FCAB96D66DB /* Pods-StopUITests.release.xcconfig */,
			);
			name = Pods;
			path = Pods;
			sourceTree = "<group>";
		};
		7F65D8B96F9CAD08149FF10B /* Frameworks */ = {
			isa = PBXGroup;
			children = (
				30DCD470872CBF483FC3531F /* Pods_Stop.framework */,
				E9599245300C4C944618E3FA /* Pods_StopTests.framework */,
				F8889F01B7871C20CEB846DB /* Pods_StopUITests.framework */,
			);
			name = Frameworks;
			sourceTree = "<group>";
		};
/* End PBXGroup section */

/* Begin PBXNativeTarget section */
		0E1C83772305503E002706BC /* Stop */ = {
			isa = PBXNativeTarget;
			buildConfigurationList = 0E1C83A02305503F002706BC /* Build configuration list for PBXNativeTarget "Stop" */;
			buildPhases = (
				BB70E5C56E1454A72461D7C2 /* [CP] Check Pods Manifest.lock */,
				0E1C83742305503E002706BC /* Sources */,
				0E1C83752305503E002706BC /* Frameworks */,
				0E1C83762305503E002706BC /* Resources */,
				4FD2874C6D0BA7B136FA2901 /* [CP] Embed Pods Frameworks */,
			);
			buildRules = (
			);
			dependencies = (
			);
			name = Stop;
			productName = Stop;
			productReference = 0E1C83782305503E002706BC /* Stop.app */;
			productType = "com.apple.product-type.application";
		};
		0E1C838B2305503F002706BC /* StopTests */ = {
			isa = PBXNativeTarget;
			buildConfigurationList = 0E1C83A32305503F002706BC /* Build configuration list for PBXNativeTarget "StopTests" */;
			buildPhases = (
				7A258B6160B926EB97276E9E /* [CP] Check Pods Manifest.lock */,
				0E1C83882305503F002706BC /* Sources */,
				0E1C83892305503F002706BC /* Frameworks */,
				0E1C838A2305503F002706BC /* Resources */,
			);
			buildRules = (
			);
			dependencies = (
				0E1C838E2305503F002706BC /* PBXTargetDependency */,
			);
			name = StopTests;
			productName = StopTests;
			productReference = 0E1C838C2305503F002706BC /* StopTests.xctest */;
			productType = "com.apple.product-type.bundle.unit-test";
		};
		0E1C83962305503F002706BC /* StopUITests */ = {
			isa = PBXNativeTarget;
			buildConfigurationList = 0E1C83A62305503F002706BC /* Build configuration list for PBXNativeTarget "StopUITests" */;
			buildPhases = (
				6A8B6C196F0B5EC01DDDA438 /* [CP] Check Pods Manifest.lock */,
				0E1C83932305503F002706BC /* Sources */,
				0E1C83942305503F002706BC /* Frameworks */,
				0E1C83952305503F002706BC /* Resources */,
			);
			buildRules = (
			);
			dependencies = (
				0E1C83992305503F002706BC /* PBXTargetDependency */,
			);
			name = StopUITests;
			productName = StopUITests;
			productReference = 0E1C83972305503F002706BC /* StopUITests.xctest */;
			productType = "com.apple.product-type.bundle.ui-testing";
		};
/* End PBXNativeTarget section */

/* Begin PBXProject section */
		0E1C83702305503E002706BC /* Project object */ = {
			isa = PBXProject;
			attributes = {
				LastSwiftUpdateCheck = 1010;
				LastUpgradeCheck = 1010;
				ORGANIZATIONNAME = ioa.tw;
				TargetAttributes = {
					0E1C83772305503E002706BC = {
						CreatedOnToolsVersion = 10.1;
					};
					0E1C838B2305503F002706BC = {
						CreatedOnToolsVersion = 10.1;
						TestTargetID = 0E1C83772305503E002706BC;
					};
					0E1C83962305503F002706BC = {
						CreatedOnToolsVersion = 10.1;
						TestTargetID = 0E1C83772305503E002706BC;
					};
				};
			};
			buildConfigurationList = 0E1C83732305503E002706BC /* Build configuration list for PBXProject "Stop" */;
			compatibilityVersion = "Xcode 9.3";
			developmentRegion = en;
			hasScannedForEncodings = 0;
			knownRegions = (
				en,
				Base,
			);
			mainGroup = 0E1C836F2305503E002706BC;
			productRefGroup = 0E1C83792305503E002706BC /* Products */;
			projectDirPath = "";
			projectRoot = "";
			targets = (
				0E1C83772305503E002706BC /* Stop */,
				0E1C838B2305503F002706BC /* StopTests */,
				0E1C83962305503F002706BC /* StopUITests */,
			);
		};
/* End PBXProject section */

/* Begin PBXResourcesBuildPhase section */
		0E1C83762305503E002706BC /* Resources */ = {
			isa = PBXResourcesBuildPhase;
			buildActionMask = 2147483647;
			files = (
				0E1C83862305503F002706BC /* LaunchScreen.storyboard in Resources */,
				0E1C83832305503F002706BC /* Assets.xcassets in Resources */,
				0E1C83812305503E002706BC /* Main.storyboard in Resources */,
			);
			runOnlyForDeploymentPostprocessing = 0;
		};
		0E1C838A2305503F002706BC /* Resources */ = {
			isa = PBXResourcesBuildPhase;
			buildActionMask = 2147483647;
			files = (
			);
			runOnlyForDeploymentPostprocessing = 0;
		};
		0E1C83952305503F002706BC /* Resources */ = {
			isa = PBXResourcesBuildPhase;
			buildActionMask = 2147483647;
			files = (
			);
			runOnlyForDeploymentPostprocessing = 0;
		};
/* End PBXResourcesBuildPhase section */

/* Begin PBXShellScriptBuildPhase section */
		4FD2874C6D0BA7B136FA2901 /* [CP] Embed Pods Frameworks */ = {
			isa = PBXShellScriptBuildPhase;
			buildActionMask = 2147483647;
			files = (
			);
			inputFileListPaths = (
			);
			inputPaths = (
				"${PODS_ROOT}/Target Support Files/Pods-Stop/Pods-Stop-frameworks.sh",
				"${BUILT_PRODUCTS_DIR}/OAKit/OAKit.framework",
			);
			name = "[CP] Embed Pods Frameworks";
			outputFileListPaths = (
			);
			outputPaths = (
				"${TARGET_BUILD_DIR}/${FRAMEWORKS_FOLDER_PATH}/OAKit.framework",
			);
			runOnlyForDeploymentPostprocessing = 0;
			shellPath = /bin/sh;
			shellScript = "\"${PODS_ROOT}/Target Support Files/Pods-Stop/Pods-Stop-frameworks.sh\"\n";
			showEnvVarsInLog = 0;
		};
		6A8B6C196F0B5EC01DDDA438 /* [CP] Check Pods Manifest.lock */ = {
			isa = PBXShellScriptBuildPhase;
			buildActionMask = 2147483647;
			files = (
			);
			inputFileListPaths = (
			);
			inputPaths = (
				"${PODS_PODFILE_DIR_PATH}/Podfile.lock",
				"${PODS_ROOT}/Manifest.lock",
			);
			name = "[CP] Check Pods Manifest.lock";
			outputFileListPaths = (
			);
			outputPaths = (
				"$(DERIVED_FILE_DIR)/Pods-StopUITests-checkManifestLockResult.txt",
			);
			runOnlyForDeploymentPostprocessing = 0;
			shellPath = /bin/sh;
			shellScript = "diff \"${PODS_PODFILE_DIR_PATH}/Podfile.lock\" \"${PODS_ROOT}/Manifest.lock\" > /dev/null\nif [ $? != 0 ] ; then\n    # print error to STDERR\n    echo \"error: The sandbox is not in sync with the Podfile.lock. Run 'pod install' or update your CocoaPods installation.\" >&2\n    exit 1\nfi\n# This output is used by Xcode 'outputs' to avoid re-running this script phase.\necho \"SUCCESS\" > \"${SCRIPT_OUTPUT_FILE_0}\"\n";
			showEnvVarsInLog = 0;
		};
		7A258B6160B926EB97276E9E /* [CP] Check Pods Manifest.lock */ = {
			isa = PBXShellScriptBuildPhase;
			buildActionMask = 2147483647;
			files = (
			);
			inputFileListPaths = (
			);
			inputPaths = (
				"${PODS_PODFILE_DIR_PATH}/Podfile.lock",
				"${PODS_ROOT}/Manifest.lock",
			);
			name = "[CP] Check Pods Manifest.lock";
			outputFileListPaths = (
			);
			outputPaths = (
				"$(DERIVED_FILE_DIR)/Pods-StopTests-checkManifestLockResult.txt",
			);
			runOnlyForDeploymentPostprocessing = 0;
			shellPath = /bin/sh;
			shellScript = "diff \"${PODS_PODFILE_DIR_PATH}/Podfile.lock\" \"${PODS_ROOT}/Manifest.lock\" > /dev/null\nif [ $? != 0 ] ; then\n    # print error to STDERR\n    echo \"error: The sandbox is not in sync with the Podfile.lock. Run 'pod install' or update your CocoaPods installation.\" >&2\n    exit 1\nfi\n# This output is used by Xcode 'outputs' to avoid re-running this script phase.\necho \"SUCCESS\" > \"${SCRIPT_OUTPUT_FILE_0}\"\n";
			showEnvVarsInLog = 0;
		};
		BB70E5C56E1454A72461D7C2 /* [CP] Check Pods Manifest.lock */ = {
			isa = PBXShellScriptBuildPhase;
			buildActionMask = 2147483647;
			files = (
			);
			inputFileListPaths = (
			);
			inputPaths = (
				"${PODS_PODFILE_DIR_PATH}/Podfile.lock",
				"${PODS_ROOT}/Manifest.lock",
			);
			name = "[CP] Check Pods Manifest.lock";
			outputFileListPaths = (
			);
			outputPaths = (
				"$(DERIVED_FILE_DIR)/Pods-Stop-checkManifestLockResult.txt",
			);
			runOnlyForDeploymentPostprocessing = 0;
			shellPath = /bin/sh;
			shellScript = "diff \"${PODS_PODFILE_DIR_PATH}/Podfile.lock\" \"${PODS_ROOT}/Manifest.lock\" > /dev/null\nif [ $? != 0 ] ; then\n    # print error to STDERR\n    echo \"error: The sandbox is not in sync with the Podfile.lock. Run 'pod install' or update your CocoaPods installation.\" >&2\n    exit 1\nfi\n# This output is used by Xcode 'outputs' to avoid re-running this script phase.\necho \"SUCCESS\" > \"${SCRIPT_OUTPUT_FILE_0}\"\n";
			showEnvVarsInLog = 0;
		};
/* End PBXShellScriptBuildPhase section */

/* Begin PBXSourcesBuildPhase section */
		0E1C83742305503E002706BC /* Sources */ = {
			isa = PBXSourcesBuildPhase;
			buildActionMask = 2147483647;
			files = (
				0E1C837E2305503E002706BC /* ViewController.swift in Sources */,
				0E1C837C2305503E002706BC /* AppDelegate.swift in Sources */,
			);
			runOnlyForDeploymentPostprocessing = 0;
		};
		0E1C83882305503F002706BC /* Sources */ = {
			isa = PBXSourcesBuildPhase;
			buildActionMask = 2147483647;
			files = (
				0E1C83912305503F002706BC /* StopTests.swift in Sources */,
			);
			runOnlyForDeploymentPostprocessing = 0;
		};
		0E1C83932305503F002706BC /* Sources */ = {
			isa = PBXSourcesBuildPhase;
			buildActionMask = 2147483647;
			files = (
				0E1C839C2305503F002706BC /* StopUITests.swift in Sources */,
			);
			runOnlyForDeploymentPostprocessing = 0;
		};
/* End PBXSourcesBuildPhase section */

/* Begin PBXTargetDependency section */
		0E1C838E2305503F002706BC /* PBXTargetDependency */ = {
			isa = PBXTargetDependency;
			target = 0E1C83772305503E002706BC /* Stop */;
			targetProxy = 0E1C838D2305503F002706BC /* PBXContainerItemProxy */;
		};
		0E1C83992305503F002706BC /* PBXTargetDependency */ = {
			isa = PBXTargetDependency;
			target = 0E1C83772305503E002706BC /* Stop */;
			targetProxy = 0E1C83982305503F002706BC /* PBXContainerItemProxy */;
		};
/* End PBXTargetDependency section */

/* Begin PBXVariantGroup section */
		0E1C837F2305503E002706BC /* Main.storyboard */ = {
			isa = PBXVariantGroup;
			children = (
				0E1C83802305503E002706BC /* Base */,
			);
			name = Main.storyboard;
			sourceTree = "<group>";
		};
		0E1C83842305503F002706BC /* LaunchScreen.storyboard */ = {
			isa = PBXVariantGroup;
			children = (
				0E1C83852305503F002706BC /* Base */,
			);
			name = LaunchScreen.storyboard;
			sourceTree = "<group>";
		};
/* End PBXVariantGroup section */

/* Begin XCBuildConfiguration section */
		0E1C839E2305503F002706BC /* Debug */ = {
			isa = XCBuildConfiguration;
			buildSettings = {
				ALWAYS_SEARCH_USER_PATHS = NO;
				CLANG_ANALYZER_NONNULL = YES;
				CLANG_ANALYZER_NUMBER_OBJECT_CONVERSION = YES_AGGRESSIVE;
				CLANG_CXX_LANGUAGE_STANDARD = "gnu++14";
				CLANG_CXX_LIBRARY = "libc++";
				CLANG_ENABLE_MODULES = YES;
				CLANG_ENABLE_OBJC_ARC = YES;
				CLANG_ENABLE_OBJC_WEAK = YES;
				CLANG_WARN_BLOCK_CAPTURE_AUTORELEASING = YES;
				CLANG_WARN_BOOL_CONVERSION = YES;
				CLANG_WARN_COMMA = YES;
				CLANG_WARN_CONSTANT_CONVERSION = YES;
				CLANG_WARN_DEPRECATED_OBJC_IMPLEMENTATIONS = YES;
				CLANG_WARN_DIRECT_OBJC_ISA_USAGE = YES_ERROR;
				CLANG_WARN_DOCUMENTATION_COMMENTS = YES;
				CLANG_WARN_EMPTY_BODY = YES;
				CLANG_WARN_ENUM_CONVERSION = YES;
				CLANG_WARN_INFINITE_RECURSION = YES;
				CLANG_WARN_INT_CONVERSION = YES;
				CLANG_WARN_NON_LITERAL_NULL_CONVERSION = YES;
				CLANG_WARN_OBJC_IMPLICIT_RETAIN_SELF = YES;
				CLANG_WARN_OBJC_LITERAL_CONVERSION = YES;
				CLANG_WARN_OBJC_ROOT_CLASS = YES_ERROR;
				CLANG_WARN_RANGE_LOOP_ANALYSIS = YES;
				CLANG_WARN_STRICT_PROTOTYPES = YES;
				CLANG_WARN_SUSPICIOUS_MOVE = YES;
				CLANG_WARN_UNGUARDED_AVAILABILITY = YES_AGGRESSIVE;
				CLANG_WARN_UNREACHABLE_CODE = YES;
				CLANG_WARN__DUPLICATE_METHOD_MATCH = YES;
				CODE_SIGN_IDENTITY = "iPhone Developer";
				COPY_PHASE_STRIP = NO;
				DEBUG_INFORMATION_FORMAT = dwarf;
				ENABLE_STRICT_OBJC_MSGSEND = YES;
				ENABLE_TESTABILITY = YES;
				GCC_C_LANGUAGE_STANDARD = gnu11;
				GCC_DYNAMIC_NO_PIC = NO;
				GCC_NO_COMMON_BLOCKS = YES;
				GCC_OPTIMIZATION_LEVEL = 0;
				GCC_PREPROCESSOR_DEFINITIONS = (
					"DEBUG=1",
					"$(inherited)",
				);
				GCC_WARN_64_TO_32_BIT_CONVERSION = YES;
				GCC_WARN_ABOUT_RETURN_TYPE = YES_ERROR;
				GCC_WARN_UNDECLARED_SELECTOR = YES;
				GCC_WARN_UNINITIALIZED_AUTOS = YES_AGGRESSIVE;
				GCC_WARN_UNUSED_FUNCTION = YES;
				GCC_WARN_UNUSED_VARIABLE = YES;
				IPHONEOS_DEPLOYMENT_TARGET = 12.1;
				MTL_ENABLE_DEBUG_INFO = INCLUDE_SOURCE;
				MTL_FAST_MATH = YES;
				ONLY_ACTIVE_ARCH = YES;
				SDKROOT = iphoneos;
				SWIFT_ACTIVE_COMPILATION_CONDITIONS = DEBUG;
				SWIFT_OPTIMIZATION_LEVEL = "-Onone";
			};
			name = Debug;
		};
		0E1C839F2305503F002706BC /* Release */ = {
			isa = XCBuildConfiguration;
			buildSettings = {
				ALWAYS_SEARCH_USER_PATHS = NO;
				CLANG_ANALYZER_NONNULL = YES;
				CLANG_ANALYZER_NUMBER_OBJECT_CONVERSION = YES_AGGRESSIVE;
				CLANG_CXX_LANGUAGE_STANDARD = "gnu++14";
				CLANG_CXX_LIBRARY = "libc++";
				CLANG_ENABLE_MODULES = YES;
				CLANG_ENABLE_OBJC_ARC = YES;
				CLANG_ENABLE_OBJC_WEAK = YES;
				CLANG_WARN_BLOCK_CAPTURE_AUTORELEASING = YES;
				CLANG_WARN_BOOL_CONVERSION = YES;
				CLANG_WARN_COMMA = YES;
				CLANG_WARN_CONSTANT_CONVERSION = YES;
				CLANG_WARN_DEPRECATED_OBJC_IMPLEMENTATIONS = YES;
				CLANG_WARN_DIRECT_OBJC_ISA_USAGE = YES_ERROR;
				CLANG_WARN_DOCUMENTATION_COMMENTS = YES;
				CLANG_WARN_EMPTY_BODY = YES;
				CLANG_WARN_ENUM_CONVERSION = YES;
				CLANG_WARN_INFINITE_RECURSION = YES;
				CLANG_WARN_INT_CONVERSION = YES;
				CLANG_WARN_NON_LITERAL_NULL_CONVERSION = YES;
				CLANG_WARN_OBJC_IMPLICIT_RETAIN_SELF = YES;
				CLANG_WARN_OBJC_LITERAL_CONVERSION = YES;
				CLANG_WARN_OBJC_ROOT_CLASS = YES_ERROR;
				CLANG_WARN_RANGE_LOOP_ANALYSIS = YES;
				CLANG_WARN_STRICT_PROTOTYPES = YES;
				CLANG_WARN_SUSPICIOUS_MOVE = YES;
				CLANG_WARN_UNGUARDED_AVAILABILITY = YES_AGGRESSIVE;
				CLANG_WARN_UNREACHABLE_CODE = YES;
				CLANG_WARN__DUPLICATE_METHOD_MATCH = YES;
				CODE_SIGN_IDENTITY = "iPhone Developer";
				COPY_PHASE_STRIP = NO;
				DEBUG_INFORMATION_FORMAT = "dwarf-with-dsym";
				ENABLE_NS_ASSERTIONS = NO;
				ENABLE_STRICT_OBJC_MSGSEND = YES;
				GCC_C_LANGUAGE_STANDARD = gnu11;
				GCC_NO_COMMON_BLOCKS = YES;
				GCC_WARN_64_TO_32_BIT_CONVERSION = YES;
				GCC_WARN_ABOUT_RETURN_TYPE = YES_ERROR;
				GCC_WARN_UNDECLARED_SELECTOR = YES;
				GCC_WARN_UNINITIALIZED_AUTOS = YES_AGGRESSIVE;
				GCC_WARN_UNUSED_FUNCTION = YES;
				GCC_WARN_UNUSED_VARIABLE = YES;
				IPHONEOS_DEPLOYMENT_TARGET = 12.1;
				MTL_ENABLE_DEBUG_INFO = NO;
				MTL_FAST_MATH = YES;
				SDKROOT = iphoneos;
				SWIFT_COMPILATION_MODE = wholemodule;
				SWIFT_OPTIMIZATION_LEVEL = "-O";
				VALIDATE_PRODUCT = YES;
			};
			name = Release;
		};
		0E1C83A12305503F002706BC /* Debug */ = {
			isa = XCBuildConfiguration;
			baseConfigurationReference = 33C34474AF8B363243A3B5D6 /* Pods-Stop.debug.xcconfig */;
			buildSettings = {
				ASSETCATALOG_COMPILER_APPICON_NAME = AppIcon;
				CODE_SIGN_STYLE = Automatic;
				DEVELOPMENT_TEAM = V6T9TGS4ET;
				INFOPLIST_FILE = Stop/Info.plist;
				LD_RUNPATH_SEARCH_PATHS = (
					"$(inherited)",
					"@executable_path/Frameworks",
				);
				PRODUCT_BUNDLE_IDENTIFIER = TestMac.ioa.tw.Stop;
				PRODUCT_NAME = "$(TARGET_NAME)";
				SWIFT_VERSION = 4.2;
				TARGETED_DEVICE_FAMILY = "1,2";
			};
			name = Debug;
		};
		0E1C83A22305503F002706BC /* Release */ = {
			isa = XCBuildConfiguration;
			baseConfigurationReference = BE4981E7C07B785A26D30A2F /* Pods-Stop.release.xcconfig */;
			buildSettings = {
				ASSETCATALOG_COMPILER_APPICON_NAME = AppIcon;
				CODE_SIGN_STYLE = Automatic;
				DEVELOPMENT_TEAM = V6T9TGS4ET;
				INFOPLIST_FILE = Stop/Info.plist;
				LD_RUNPATH_SEARCH_PATHS = (
					"$(inherited)",
					"@executable_path/Frameworks",
				);
				PRODUCT_BUNDLE_IDENTIFIER = TestMac.ioa.tw.Stop;
				PRODUCT_NAME = "$(TARGET_NAME)";
				SWIFT_VERSION = 4.2;
				TARGETED_DEVICE_FAMILY = "1,2";
			};
			name = Release;
		};
		0E1C83A42305503F002706BC /* Debug */ = {
			isa = XCBuildConfiguration;
			baseConfigurationReference = F81AEB5010293D7B5D659C9A /* Pods-StopTests.debug.xcconfig */;
			buildSettings = {
				ALWAYS_EMBED_SWIFT_STANDARD_LIBRARIES = YES;
				BUNDLE_LOADER = "$(TEST_HOST)";
				CODE_SIGN_STYLE = Automatic;
				DEVELOPMENT_TEAM = V6T9TGS4ET;
				INFOPLIST_FILE = StopTests/Info.plist;
				LD_RUNPATH_SEARCH_PATHS = (
					"$(inherited)",
					"@executable_path/Frameworks",
					"@loader_path/Frameworks",
				);
				PRODUCT_BUNDLE_IDENTIFIER = TestMac.ioa.tw.StopTests;
				PRODUCT_NAME = "$(TARGET_NAME)";
				SWIFT_VERSION = 4.2;
				TARGETED_DEVICE_FAMILY = "1,2";
				TEST_HOST = "$(BUILT_PRODUCTS_DIR)/Stop.app/Stop";
			};
			name = Debug;
		};
		0E1C83A52305503F002706BC /* Release */ = {
			isa = XCBuildConfiguration;
			baseConfigurationReference = 7A8FA3C1EB5DA09E411AE733 /* Pods-StopTests.release.xcconfig */;
			buildSettings = {
				ALWAYS_EMBED_SWIFT_STANDARD_LIBRARIES = YES;
				BUNDLE_LOADER = "$(TEST_HOST)";
				CODE_SIGN_STYLE = Automatic;
				DEVELOPMENT_TEAM = V6T9TGS4ET;
				INFOPLIST_FILE = StopTests/Info.plist;
				LD_RUNPATH_SEARCH_PATHS = (
					"$(inherited)",
					"@executable_path/Frameworks",
					"@loader_path/Frameworks",
				);
				PRODUCT_BUNDLE_IDENTIFIER = TestMac.ioa.tw.StopTests;
				PRODUCT_NAME = "$(TARGET_NAME)";
				SWIFT_VERSION = 4.2;
				TARGETED_DEVICE_FAMILY = "1,2";
				TEST_HOST = "$(BUILT_PRODUCTS_DIR)/Stop.app/Stop";
			};
			name = Release;
		};
		0E1C83A72305503F002706BC /* Debug */ = {
			isa = XCBuildConfiguration;
			baseConfigurationReference = 73D97E0965F44D4294995E96 /* Pods-StopUITests.debug.xcconfig */;
			buildSettings = {
				ALWAYS_EMBED_SWIFT_STANDARD_LIBRARIES = YES;
				CODE_SIGN_STYLE = Automatic;
				DEVELOPMENT_TEAM = V6T9TGS4ET;
				INFOPLIST_FILE = StopUITests/Info.plist;
				LD_RUNPATH_SEARCH_PATHS = (
					"$(inherited)",
					"@executable_path/Frameworks",
					"@loader_path/Frameworks",
				);
				PRODUCT_BUNDLE_IDENTIFIER = TestMac.ioa.tw.StopUITests;
				PRODUCT_NAME = "$(TARGET_NAME)";
				SWIFT_VERSION = 4.2;
				TARGETED_DEVICE_FAMILY = "1,2";
				TEST_TARGET_NAME = Stop;
			};
			name = Debug;
		};
		0E1C83A82305503F002706BC /* Release */ = {
			isa = XCBuildConfiguration;
			baseConfigurationReference = DD9EC26B1A3F1FCAB96D66DB /* Pods-StopUITests.release.xcconfig */;
			buildSettings = {
				ALWAYS_EMBED_SWIFT_STANDARD_LIBRARIES = YES;
				CODE_SIGN_STYLE = Automatic;
				DEVELOPMENT_TEAM = V6T9TGS4ET;
				INFOPLIST_FILE = StopUITests/Info.plist;
				LD_RUNPATH_SEARCH_PATHS = (
					"$(inherited)",
					"@executable_path/Frameworks",
					"@loader_path/Frameworks",
				);
				PRODUCT_BUNDLE_IDENTIFIER = TestMac.ioa.tw.StopUITests;
				PRODUCT_NAME = "$(TARGET_NAME)";
				SWIFT_VERSION = 4.2;
				TARGETED_DEVICE_FAMILY = "1,2";
				TEST_TARGET_NAME = Stop;
			};
			name = Release;
		};
/* End XCBuildConfiguration section */

/* Begin XCConfigurationList section */
		0E1C83732305503E002706BC /* Build configuration list for PBXProject "Stop" */ = {
			isa = XCConfigurationList;
			buildConfigurations = (
				0E1C839E2305503F002706BC /* Debug */,
				0E1C839F2305503F002706BC /* Release */,
			);
			defaultConfigurationIsVisible = 0;
			defaultConfigurationName = Release;
		};
		0E1C83A02305503F002706BC /* Build configuration list for PBXNativeTarget "Stop" */ = {
			isa = XCConfigurationList;
			buildConfigurations = (
				0E1C83A12305503F002706BC /* Debug */,
				0E1C83A22305503F002706BC /* Release */,
			);
			defaultConfigurationIsVisible = 0;
			defaultConfigurationName = Release;
		};
		0E1C83A32305503F002706BC /* Build configuration list for PBXNativeTarget "StopTests" */ = {
			isa = XCConfigurationList;
			buildConfigurations = (
				0E1C83A42305503F002706BC /* Debug */,
				0E1C83A52305503F002706BC /* Release */,
			);
			defaultConfigurationIsVisible = 0;
			defaultConfigurationName = Release;
		};
		0E1C83A62305503F002706BC /* Build configuration list for PBXNativeTarget "StopUITests" */ = {
			isa = XCConfigurationList;
			buildConfigurations = (
				0E1C83A72305503F002706BC /* Debug */,
				0E1C83A82305503F002706BC /* Release */,
			);
			defaultConfigurationIsVisible = 0;
			defaultConfigurationName = Release;
		};
/* End XCConfigurationList section */
	};
	rootObject = 0E1C83702305503E002706BC /* Project object */;
}
